
Microsoft Visual Studio Solution File, Format Version 12.00
# Visual Studio Version 16
VisualStudioVersion = 16.0.29613.14
MinimumVisualStudioVersion = 10.0.40219.1
Project("{FAE04EC0-301F-11D3-BF4B-00C04F79EFBC}") = "TexBracketWPF", "TexBracketWPF\TexBracketWPF.csproj", "{F4F9EB73-AAE2-4C87-A1F8-87722DCFD152}"
EndProject
Project("{FAE04EC0-301F-11D3-BF4B-00C04F79EFBC}") = "TaxBracketTest", "TaxBracketTest\TaxBracketTest.csproj", "{2B39828F-9588-4898-BBCF-4DD6A1483925}"
EndProject
Global
	GlobalSection(SolutionConfigurationPlatforms) = preSolution
		Debug|Any CPU = Debug|Any CPU
		Release|Any CPU = Release|Any CPU
	EndGlobalSection
	GlobalSection(ProjectConfigurationPlatforms) = postSolution
		{F4F9EB73-AAE2-4C87-A1F8-87722DCFD152}.Debug|Any CPU.ActiveCfg = Debug|Any CPU
		{F4F9EB73-AAE2-4C87-A1F8-87722DCFD152}.Debug|Any CPU.Build.0 = Debug|Any CPU
		{F4F9EB73-AAE2-4C87-A1F8-87722DCFD152}.Release|Any CPU.ActiveCfg = Release|Any CPU
		{F4F9EB73-AAE2-4C87-A1F8-87722DCFD152}.Release|Any CPU.Build.0 = Release|Any CPU
		{2B39828F-9588-4898-BBCF-4DD6A1483925}.Debug|Any CPU.ActiveCfg = Debug|Any CPU
		{2B39828F-9588-4898-BBCF-4DD6A1483925}.Debug|Any CPU.Build.0 = Debug|Any CPU
		{2B39828F-9588-4898-BBCF-4DD6A1483925}.Release|Any CPU.ActiveCfg = Release|Any CPU
		{2B39828F-9588-4898-BBCF-4DD6A1483925}.Release|Any CPU.Build.0 = Release|Any CPU
	EndGlobalSection
	GlobalSection(SolutionProperties) = preSolution
		HideSolutionNode = FALSE
	EndGlobalSection
	GlobalSection(ExtensibilityGlobals) = postSolution
		SolutionGuid = {D60AFB3F-BF8D-4E50-8234-4D8D26FC3F15}
	EndGlobalSection
EndGlobal
