
Microsoft Visual Studio Solution File, Format Version 12.00
# Visual Studio Version 16
VisualStudioVersion = 16.0.29613.14
MinimumVisualStudioVersion = 10.0.40219.1
Project("{FAE04EC0-301F-11D3-BF4B-00C04F79EFBC}") = "WPFYahtzee", "WPFYahtzee\WPFYahtzee.csproj", "{A772FC32-32F9-4295-BC62-86C2536D8D56}"
EndProject
Project("{FAE04EC0-301F-11D3-BF4B-00C04F79EFBC}") = "YahtzeeUnitTest", "YahtzeeUnitTest\YahtzeeUnitTest.csproj", "{8D06015F-22B2-41A4-A196-ED4FD747CAF7}"
EndProject
Global
	GlobalSection(SolutionConfigurationPlatforms) = preSolution
		Debug|Any CPU = Debug|Any CPU
		Release|Any CPU = Release|Any CPU
	EndGlobalSection
	GlobalSection(ProjectConfigurationPlatforms) = postSolution
		{A772FC32-32F9-4295-BC62-86C2536D8D56}.Debug|Any CPU.ActiveCfg = Debug|Any CPU
		{A772FC32-32F9-4295-BC62-86C2536D8D56}.Debug|Any CPU.Build.0 = Debug|Any CPU
		{A772FC32-32F9-4295-BC62-86C2536D8D56}.Release|Any CPU.ActiveCfg = Release|Any CPU
		{A772FC32-32F9-4295-BC62-86C2536D8D56}.Release|Any CPU.Build.0 = Release|Any CPU
		{8D06015F-22B2-41A4-A196-ED4FD747CAF7}.Debug|Any CPU.ActiveCfg = Debug|Any CPU
		{8D06015F-22B2-41A4-A196-ED4FD747CAF7}.Debug|Any CPU.Build.0 = Debug|Any CPU
		{8D06015F-22B2-41A4-A196-ED4FD747CAF7}.Release|Any CPU.ActiveCfg = Release|Any CPU
		{8D06015F-22B2-41A4-A196-ED4FD747CAF7}.Release|Any CPU.Build.0 = Release|Any CPU
	EndGlobalSection
	GlobalSection(SolutionProperties) = preSolution
		HideSolutionNode = FALSE
	EndGlobalSection
	GlobalSection(ExtensibilityGlobals) = postSolution
		SolutionGuid = {A376AEF8-D1F4-461B-844C-C2A02DBB2BAB}
	EndGlobalSection
EndGlobal
