
Microsoft Visual Studio Solution File, Format Version 12.00
# Visual Studio Version 16
VisualStudioVersion = 16.0.29613.14
MinimumVisualStudioVersion = 10.0.40219.1
Project("{9A19103F-16F7-4668-BE54-9A1E7A4F7556}") = "WPFPokerTexas", "WPFPokerTexas\WPFPokerTexas.csproj", "{A6F8A378-4978-4A3E-A4FD-B890D4C65D62}"
EndProject
Project("{FAE04EC0-301F-11D3-BF4B-00C04F79EFBC}") = "UnitTestPokwer", "UnitTestPokwer\UnitTestPokwer.csproj", "{C4532E8F-740E-47F9-8A10-9458E2DB57B1}"
EndProject
Global
	GlobalSection(SolutionConfigurationPlatforms) = preSolution
		Debug|Any CPU = Debug|Any CPU
		Release|Any CPU = Release|Any CPU
	EndGlobalSection
	GlobalSection(ProjectConfigurationPlatforms) = postSolution
		{A6F8A378-4978-4A3E-A4FD-B890D4C65D62}.Debug|Any CPU.ActiveCfg = Debug|Any CPU
		{A6F8A378-4978-4A3E-A4FD-B890D4C65D62}.Debug|Any CPU.Build.0 = Debug|Any CPU
		{A6F8A378-4978-4A3E-A4FD-B890D4C65D62}.Release|Any CPU.ActiveCfg = Release|Any CPU
		{A6F8A378-4978-4A3E-A4FD-B890D4C65D62}.Release|Any CPU.Build.0 = Release|Any CPU
		{C4532E8F-740E-47F9-8A10-9458E2DB57B1}.Debug|Any CPU.ActiveCfg = Debug|Any CPU
		{C4532E8F-740E-47F9-8A10-9458E2DB57B1}.Debug|Any CPU.Build.0 = Debug|Any CPU
		{C4532E8F-740E-47F9-8A10-9458E2DB57B1}.Release|Any CPU.ActiveCfg = Release|Any CPU
		{C4532E8F-740E-47F9-8A10-9458E2DB57B1}.Release|Any CPU.Build.0 = Release|Any CPU
	EndGlobalSection
	GlobalSection(SolutionProperties) = preSolution
		HideSolutionNode = FALSE
	EndGlobalSection
	GlobalSection(ExtensibilityGlobals) = postSolution
		SolutionGuid = {B9E70828-F0EF-4BA8-B46D-DED5F77BE89B}
	EndGlobalSection
EndGlobal
